// !$*UTF8*$!
{
	archiveVersion = 1;
	classes = {
	};
	objectVersion = 46;
	objects = {

/* Begin PBXBuildFile section */
		FB75B14D1B6C91090033275B /* Chomp.wav in Resources */ = {isa = PBXBuildFile; fileRef = FB75B1471B6C91090033275B /* Chomp.wav */; };
		FB75B14E1B6C91090033275B /* Drip.wav in Resources */ = {isa = PBXBuildFile; fileRef = FB75B1481B6C91090033275B /* Drip.wav */; };
		FB75B14F1B6C91090033275B /* Error.wav in Resources */ = {isa = PBXBuildFile; fileRef = FB75B1491B6C91090033275B /* Error.wav */; };
		FB75B1501B6C91090033275B /* Ka-Ching.wav in Resources */ = {isa = PBXBuildFile; fileRef = FB75B14A1B6C91090033275B /* Ka-Ching.wav */; };
		FB75B1511B6C91090033275B /* Mining by Moonlight.mp3 in Resources */ = {isa = PBXBuildFile; fileRef = FB75B14B1B6C91090033275B /* Mining by Moonlight.mp3 */; };
		FB75B1521B6C91090033275B /* Scrape.wav in Resources */ = {isa = PBXBuildFile; fileRef = FB75B14C1B6C91090033275B /* Scrape.wav */; };
		FB75B1541B6C91810033275B /* Chain.swift in Sources */ = {isa = PBXBuildFile; fileRef = FB75B1531B6C91810033275B /* Chain.swift */; };
		FB75B1561B6F6E930033275B /* Grid.atlas in Resources */ = {isa = PBXBuildFile; fileRef = FB75B1551B6F6E930033275B /* Grid.atlas */; };
		FB75B1681B6F76E90033275B /* Level_0.json in Resources */ = {isa = PBXBuildFile; fileRef = FB75B1631B6F76E90033275B /* Level_0.json */; };
		FB75B1691B6F76E90033275B /* Level_1.json in Resources */ = {isa = PBXBuildFile; fileRef = FB75B1641B6F76E90033275B /* Level_1.json */; };
		FB75B16A1B6F76E90033275B /* Level_2.json in Resources */ = {isa = PBXBuildFile; fileRef = FB75B1651B6F76E90033275B /* Level_2.json */; };
		FB75B16B1B6F76E90033275B /* Level_3.json in Resources */ = {isa = PBXBuildFile; fileRef = FB75B1661B6F76E90033275B /* Level_3.json */; };
		FB75B16C1B6F76E90033275B /* Level_4.json in Resources */ = {isa = PBXBuildFile; fileRef = FB75B1671B6F76E90033275B /* Level_4.json */; };
		FB75B16E1B7058E90033275B /* iAd.framework in Frameworks */ = {isa = PBXBuildFile; fileRef = FB75B16D1B7058E90033275B /* iAd.framework */; };
		FB75B1701B719C7F0033275B /* .gitignore in Resources */ = {isa = PBXBuildFile; fileRef = FB75B16F1B719C7F0033275B /* .gitignore */; };
		FB937AB11B6B7D210085FD26 /* AppDelegate.swift in Sources */ = {isa = PBXBuildFile; fileRef = FB937AB01B6B7D210085FD26 /* AppDelegate.swift */; };
		FB937AB51B6B7D210085FD26 /* GameScene.swift in Sources */ = {isa = PBXBuildFile; fileRef = FB937AB41B6B7D210085FD26 /* GameScene.swift */; };
		FB937AB71B6B7D210085FD26 /* GameViewController.swift in Sources */ = {isa = PBXBuildFile; fileRef = FB937AB61B6B7D210085FD26 /* GameViewController.swift */; };
		FB937ABA1B6B7D210085FD26 /* Main.storyboard in Resources */ = {isa = PBXBuildFile; fileRef = FB937AB81B6B7D210085FD26 /* Main.storyboard */; };
		FB937ABC1B6B7D210085FD26 /* Images.xcassets in Resources */ = {isa = PBXBuildFile; fileRef = FB937ABB1B6B7D210085FD26 /* Images.xcassets */; };
		FB937ABF1B6B7D210085FD26 /* LaunchScreen.xib in Resources */ = {isa = PBXBuildFile; fileRef = FB937ABD1B6B7D210085FD26 /* LaunchScreen.xib */; };
		FB937ACB1B6B7D220085FD26 /* CookieCrunchTests.swift in Sources */ = {isa = PBXBuildFile; fileRef = FB937ACA1B6B7D220085FD26 /* CookieCrunchTests.swift */; };
		FB937AD51B6B7DCE0085FD26 /* Sprites.atlas in Resources */ = {isa = PBXBuildFile; fileRef = FB937AD41B6B7DCE0085FD26 /* Sprites.atlas */; };
		FB937AD71B6B81DC0085FD26 /* Cookie.swift in Sources */ = {isa = PBXBuildFile; fileRef = FB937AD61B6B81DC0085FD26 /* Cookie.swift */; };
		FB937AD91B6B82F80085FD26 /* Array2D.swift in Sources */ = {isa = PBXBuildFile; fileRef = FB937AD81B6B82F80085FD26 /* Array2D.swift */; };
		FB937ADB1B6B831F0085FD26 /* Level.swift in Sources */ = {isa = PBXBuildFile; fileRef = FB937ADA1B6B831F0085FD26 /* Level.swift */; };
		FB937AE81B6B879E0085FD26 /* Tile.swift in Sources */ = {isa = PBXBuildFile; fileRef = FB937AE71B6B879E0085FD26 /* Tile.swift */; };
		FB937AEA1B6B87D70085FD26 /* Extensions.swift in Sources */ = {isa = PBXBuildFile; fileRef = FB937AE91B6B87D70085FD26 /* Extensions.swift */; };
		FB937AEC1B6C4BB20085FD26 /* Swap.swift in Sources */ = {isa = PBXBuildFile; fileRef = FB937AEB1B6C4BB20085FD26 /* Swap.swift */; };
/* End PBXBuildFile section */

/* Begin PBXContainerItemProxy section */
		FB937AC51B6B7D220085FD26 /* PBXContainerItemProxy */ = {
			isa = PBXContainerItemProxy;
			containerPortal = FB937AA31B6B7D210085FD26 /* Project object */;
			proxyType = 1;
			remoteGlobalIDString = FB937AAA1B6B7D210085FD26;
			remoteInfo = CookieCrunch;
		};
/* End PBXContainerItemProxy section */

/* Begin PBXFileReference section */
		FB75B1471B6C91090033275B /* Chomp.wav */ = {isa = PBXFileReference; lastKnownFileType = audio.wav; path = Chomp.wav; sourceTree = "<group>"; };
		FB75B1481B6C91090033275B /* Drip.wav */ = {isa = PBXFileReference; lastKnownFileType = audio.wav; path = Drip.wav; sourceTree = "<group>"; };
		FB75B1491B6C91090033275B /* Error.wav */ = {isa = PBXFileReference; lastKnownFileType = audio.wav; path = Error.wav; sourceTree = "<group>"; };
		FB75B14A1B6C91090033275B /* Ka-Ching.wav */ = {isa = PBXFileReference; lastKnownFileType = audio.wav; path = "Ka-Ching.wav"; sourceTree = "<group>"; };
		FB75B14B1B6C91090033275B /* Mining by Moonlight.mp3 */ = {isa = PBXFileReference; lastKnownFileType = audio.mp3; path = "Mining by Moonlight.mp3"; sourceTree = "<group>"; };
		FB75B14C1B6C91090033275B /* Scrape.wav */ = {isa = PBXFileReference; lastKnownFileType = audio.wav; path = Scrape.wav; sourceTree = "<group>"; };
		FB75B1531B6C91810033275B /* Chain.swift */ = {isa = PBXFileReference; fileEncoding = 4; lastKnownFileType = sourcecode.swift; path = Chain.swift; sourceTree = "<group>"; };
		FB75B1551B6F6E930033275B /* Grid.atlas */ = {isa = PBXFileReference; lastKnownFileType = folder.skatlas; path = Grid.atlas; sourceTree = "<group>"; };
		FB75B1631B6F76E90033275B /* Level_0.json */ = {isa = PBXFileReference; fileEncoding = 4; lastKnownFileType = text.json; path = Level_0.json; sourceTree = "<group>"; };
		FB75B1641B6F76E90033275B /* Level_1.json */ = {isa = PBXFileReference; fileEncoding = 4; lastKnownFileType = text.json; path = Level_1.json; sourceTree = "<group>"; };
		FB75B1651B6F76E90033275B /* Level_2.json */ = {isa = PBXFileReference; fileEncoding = 4; lastKnownFileType = text.json; path = Level_2.json; sourceTree = "<group>"; };
		FB75B1661B6F76E90033275B /* Level_3.json */ = {isa = PBXFileReference; fileEncoding = 4; lastKnownFileType = text.json; path = Level_3.json; sourceTree = "<group>"; };
		FB75B1671B6F76E90033275B /* Level_4.json */ = {isa = PBXFileReference; fileEncoding = 4; lastKnownFileType = text.json; path = Level_4.json; sourceTree = "<group>"; };
		FB75B16D1B7058E90033275B /* iAd.framework */ = {isa = PBXFileReference; lastKnownFileType = wrapper.framework; name = iAd.framework; path = System/Library/Frameworks/iAd.framework; sourceTree = SDKROOT; };
		FB75B16F1B719C7F0033275B /* .gitignore */ = {isa = PBXFileReference; fileEncoding = 4; lastKnownFileType = text; path = .gitignore; sourceTree = "<group>"; };
		FB937AAB1B6B7D210085FD26 /* CookieCrunch.app */ = {isa = PBXFileReference; explicitFileType = wrapper.application; includeInIndex = 0; path = CookieCrunch.app; sourceTree = BUILT_PRODUCTS_DIR; };
		FB937AAF1B6B7D210085FD26 /* Info.plist */ = {isa = PBXFileReference; lastKnownFileType = text.plist.xml; path = Info.plist; sourceTree = "<group>"; };
		FB937AB01B6B7D210085FD26 /* AppDelegate.swift */ = {isa = PBXFileReference; lastKnownFileType = sourcecode.swift; path = AppDelegate.swift; sourceTree = "<group>"; };
		FB937AB41B6B7D210085FD26 /* GameScene.swift */ = {isa = PBXFileReference; lastKnownFileType = sourcecode.swift; path = GameScene.swift; sourceTree = "<group>"; };
		FB937AB61B6B7D210085FD26 /* GameViewController.swift */ = {isa = PBXFileReference; lastKnownFileType = sourcecode.swift; path = GameViewController.swift; sourceTree = "<group>"; };
		FB937AB91B6B7D210085FD26 /* Base */ = {isa = PBXFileReference; lastKnownFileType = file.storyboard; name = Base; path = Base.lproj/Main.storyboard; sourceTree = "<group>"; };
		FB937ABB1B6B7D210085FD26 /* Images.xcassets */ = {isa = PBXFileReference; lastKnownFileType = folder.assetcatalog; path = Images.xcassets; sourceTree = "<group>"; };
		FB937ABE1B6B7D210085FD26 /* Base */ = {isa = PBXFileReference; lastKnownFileType = file.xib; name = Base; path = Base.lproj/LaunchScreen.xib; sourceTree = "<group>"; };
		FB937AC41B6B7D220085FD26 /* CookieCrunchTests.xctest */ = {isa = PBXFileReference; explicitFileType = wrapper.cfbundle; includeInIndex = 0; path = CookieCrunchTests.xctest; sourceTree = BUILT_PRODUCTS_DIR; };
		FB937AC91B6B7D220085FD26 /* Info.plist */ = {isa = PBXFileReference; lastKnownFileType = text.plist.xml; path = Info.plist; sourceTree = "<group>"; };
		FB937ACA1B6B7D220085FD26 /* CookieCrunchTests.swift */ = {isa = PBXFileReference; lastKnownFileType = sourcecode.swift; path = CookieCrunchTests.swift; sourceTree = "<group>"; };
		FB937AD41B6B7DCE0085FD26 /* Sprites.atlas */ = {isa = PBXFileReference; lastKnownFileType = folder.skatlas; path = Sprites.atlas; sourceTree = "<group>"; };
		FB937AD61B6B81DC0085FD26 /* Cookie.swift */ = {isa = PBXFileReference; fileEncoding = 4; lastKnownFileType = sourcecode.swift; path = Cookie.swift; sourceTree = "<group>"; };
		FB937AD81B6B82F80085FD26 /* Array2D.swift */ = {isa = PBXFileReference; fileEncoding = 4; lastKnownFileType = sourcecode.swift; path = Array2D.swift; sourceTree = "<group>"; };
		FB937ADA1B6B831F0085FD26 /* Level.swift */ = {isa = PBXFileReference; fileEncoding = 4; lastKnownFileType = sourcecode.swift; path = Level.swift; sourceTree = "<group>"; };
		FB937AE71B6B879E0085FD26 /* Tile.swift */ = {isa = PBXFileReference; fileEncoding = 4; lastKnownFileType = sourcecode.swift; path = Tile.swift; sourceTree = "<group>"; };
		FB937AE91B6B87D70085FD26 /* Extensions.swift */ = {isa = PBXFileReference; fileEncoding = 4; lastKnownFileType = sourcecode.swift; path = Extensions.swift; sourceTree = "<group>"; };
		FB937AEB1B6C4BB20085FD26 /* Swap.swift */ = {isa = PBXFileReference; fileEncoding = 4; lastKnownFileType = sourcecode.swift; path = Swap.swift; sourceTree = "<group>"; };
/* End PBXFileReference section */

/* Begin PBXFrameworksBuildPhase section */
		FB937AA81B6B7D210085FD26 /* Frameworks */ = {
			isa = PBXFrameworksBuildPhase;
			buildActionMask = 2147483647;
			files = (
				FB75B16E1B7058E90033275B /* iAd.framework in Frameworks */,
			);
			runOnlyForDeploymentPostprocessing = 0;
		};
		FB937AC11B6B7D220085FD26 /* Frameworks */ = {
			isa = PBXFrameworksBuildPhase;
			buildActionMask = 2147483647;
			files = (
			);
			runOnlyForDeploymentPostprocessing = 0;
		};
/* End PBXFrameworksBuildPhase section */

/* Begin PBXGroup section */
		FB75B1461B6C91090033275B /* Sounds */ = {
			isa = PBXGroup;
			children = (
				FB75B1471B6C91090033275B /* Chomp.wav */,
				FB75B1481B6C91090033275B /* Drip.wav */,
				FB75B1491B6C91090033275B /* Error.wav */,
				FB75B14A1B6C91090033275B /* Ka-Ching.wav */,
				FB75B14B1B6C91090033275B /* Mining by Moonlight.mp3 */,
				FB75B14C1B6C91090033275B /* Scrape.wav */,
			);
			path = Sounds;
			sourceTree = "<group>";
		};
		FB75B1621B6F76E90033275B /* Levels */ = {
			isa = PBXGroup;
			children = (
				FB75B1631B6F76E90033275B /* Level_0.json */,
				FB75B1641B6F76E90033275B /* Level_1.json */,
				FB75B1651B6F76E90033275B /* Level_2.json */,
				FB75B1661B6F76E90033275B /* Level_3.json */,
				FB75B1671B6F76E90033275B /* Level_4.json */,
			);
			path = Levels;
			sourceTree = "<group>";
		};
		FB937AA21B6B7D210085FD26 = {
			isa = PBXGroup;
			children = (
				FB75B16F1B719C7F0033275B /* .gitignore */,
				FB75B16D1B7058E90033275B /* iAd.framework */,
				FB937AAD1B6B7D210085FD26 /* CookieCrunch */,
				FB937AC71B6B7D220085FD26 /* CookieCrunchTests */,
				FB937AAC1B6B7D210085FD26 /* Products */,
			);
			sourceTree = "<group>";
		};
		FB937AAC1B6B7D210085FD26 /* Products */ = {
			isa = PBXGroup;
			children = (
				FB937AAB1B6B7D210085FD26 /* CookieCrunch.app */,
				FB937AC41B6B7D220085FD26 /* CookieCrunchTests.xctest */,
			);
			name = Products;
			sourceTree = "<group>";
		};
		FB937AAD1B6B7D210085FD26 /* CookieCrunch */ = {
			isa = PBXGroup;
			children = (
				FB937AB01B6B7D210085FD26 /* AppDelegate.swift */,
				FB937AB41B6B7D210085FD26 /* GameScene.swift */,
				FB75B1531B6C91810033275B /* Chain.swift */,
				FB937AB61B6B7D210085FD26 /* GameViewController.swift */,
				FB937AD61B6B81DC0085FD26 /* Cookie.swift */,
				FB937AD81B6B82F80085FD26 /* Array2D.swift */,
				FB937ADA1B6B831F0085FD26 /* Level.swift */,
				FB937AE71B6B879E0085FD26 /* Tile.swift */,
				FB937AE91B6B87D70085FD26 /* Extensions.swift */,
				FB937AEB1B6C4BB20085FD26 /* Swap.swift */,
				FB937AB81B6B7D210085FD26 /* Main.storyboard */,
				FB937ABB1B6B7D210085FD26 /* Images.xcassets */,
				FB75B1621B6F76E90033275B /* Levels */,
				FB937AD41B6B7DCE0085FD26 /* Sprites.atlas */,
				FB75B1551B6F6E930033275B /* Grid.atlas */,
				FB937ABD1B6B7D210085FD26 /* LaunchScreen.xib */,
				FB75B1461B6C91090033275B /* Sounds */,
				FB937AAE1B6B7D210085FD26 /* Supporting Files */,
			);
			path = CookieCrunch;
			sourceTree = "<group>";
		};
		FB937AAE1B6B7D210085FD26 /* Supporting Files */ = {
			isa = PBXGroup;
			children = (
				FB937AAF1B6B7D210085FD26 /* Info.plist */,
			);
			name = "Supporting Files";
			sourceTree = "<group>";
		};
		FB937AC71B6B7D220085FD26 /* CookieCrunchTests */ = {
			isa = PBXGroup;
			children = (
				FB937ACA1B6B7D220085FD26 /* CookieCrunchTests.swift */,
				FB937AC81B6B7D220085FD26 /* Supporting Files */,
			);
			path = CookieCrunchTests;
			sourceTree = "<group>";
		};
		FB937AC81B6B7D220085FD26 /* Supporting Files */ = {
			isa = PBXGroup;
			children = (
				FB937AC91B6B7D220085FD26 /* Info.plist */,
			);
			name = "Supporting Files";
			sourceTree = "<group>";
		};
/* End PBXGroup section */

/* Begin PBXNativeTarget section */
		FB937AAA1B6B7D210085FD26 /* CookieCrunch */ = {
			isa = PBXNativeTarget;
			buildConfigurationList = FB937ACE1B6B7D220085FD26 /* Build configuration list for PBXNativeTarget "CookieCrunch" */;
			buildPhases = (
				FB937AA71B6B7D210085FD26 /* Sources */,
				FB937AA81B6B7D210085FD26 /* Frameworks */,
				FB937AA91B6B7D210085FD26 /* Resources */,
			);
			buildRules = (
			);
			dependencies = (
			);
			name = CookieCrunch;
			productName = CookieCrunch;
			productReference = FB937AAB1B6B7D210085FD26 /* CookieCrunch.app */;
			productType = "com.apple.product-type.application";
		};
		FB937AC31B6B7D220085FD26 /* CookieCrunchTests */ = {
			isa = PBXNativeTarget;
			buildConfigurationList = FB937AD11B6B7D220085FD26 /* Build configuration list for PBXNativeTarget "CookieCrunchTests" */;
			buildPhases = (
				FB937AC01B6B7D220085FD26 /* Sources */,
				FB937AC11B6B7D220085FD26 /* Frameworks */,
				FB937AC21B6B7D220085FD26 /* Resources */,
			);
			buildRules = (
			);
			dependencies = (
				FB937AC61B6B7D220085FD26 /* PBXTargetDependency */,
			);
			name = CookieCrunchTests;
			productName = CookieCrunchTests;
			productReference = FB937AC41B6B7D220085FD26 /* CookieCrunchTests.xctest */;
			productType = "com.apple.product-type.bundle.unit-test";
		};
/* End PBXNativeTarget section */

/* Begin PBXProject section */
		FB937AA31B6B7D210085FD26 /* Project object */ = {
			isa = PBXProject;
			attributes = {
				LastUpgradeCheck = 0630;
				ORGANIZATIONNAME = "Ichimura Yuichi";
				TargetAttributes = {
					FB937AAA1B6B7D210085FD26 = {
						CreatedOnToolsVersion = 6.3.2;
					};
					FB937AC31B6B7D220085FD26 = {
						CreatedOnToolsVersion = 6.3.2;
						TestTargetID = FB937AAA1B6B7D210085FD26;
					};
				};
			};
			buildConfigurationList = FB937AA61B6B7D210085FD26 /* Build configuration list for PBXProject "CookieCrunch" */;
			compatibilityVersion = "Xcode 3.2";
			developmentRegion = English;
			hasScannedForEncodings = 0;
			knownRegions = (
				en,
				Base,
			);
			mainGroup = FB937AA21B6B7D210085FD26;
			productRefGroup = FB937AAC1B6B7D210085FD26 /* Products */;
			projectDirPath = "";
			projectRoot = "";
			targets = (
				FB937AAA1B6B7D210085FD26 /* CookieCrunch */,
				FB937AC31B6B7D220085FD26 /* CookieCrunchTests */,
			);
		};
/* End PBXProject section */

/* Begin PBXResourcesBuildPhase section */
		FB937AA91B6B7D210085FD26 /* Resources */ = {
			isa = PBXResourcesBuildPhase;
			buildActionMask = 2147483647;
			files = (
				FB937ABF1B6B7D210085FD26 /* LaunchScreen.xib in Resources */,
				FB75B16A1B6F76E90033275B /* Level_2.json in Resources */,
				FB75B14E1B6C91090033275B /* Drip.wav in Resources */,
				FB75B1561B6F6E930033275B /* Grid.atlas in Resources */,
				FB75B1701B719C7F0033275B /* .gitignore in Resources */,
				FB75B14F1B6C91090033275B /* Error.wav in Resources */,
				FB75B16B1B6F76E90033275B /* Level_3.json in Resources */,
				FB75B1521B6C91090033275B /* Scrape.wav in Resources */,
				FB75B16C1B6F76E90033275B /* Level_4.json in Resources */,
				FB75B14D1B6C91090033275B /* Chomp.wav in Resources */,
				FB75B1511B6C91090033275B /* Mining by Moonlight.mp3 in Resources */,
				FB75B1691B6F76E90033275B /* Level_1.json in Resources */,
				FB937ABC1B6B7D210085FD26 /* Images.xcassets in Resources */,
				FB75B1501B6C91090033275B /* Ka-Ching.wav in Resources */,
				FB937ABA1B6B7D210085FD26 /* Main.storyboard in Resources */,
				FB75B1681B6F76E90033275B /* Level_0.json in Resources */,
				FB937AD51B6B7DCE0085FD26 /* Sprites.atlas in Resources */,
			);
			runOnlyForDeploymentPostprocessing = 0;
		};
		FB937AC21B6B7D220085FD26 /* Resources */ = {
			isa = PBXResourcesBuildPhase;
			buildActionMask = 2147483647;
			files = (
			);
			runOnlyForDeploymentPostprocessing = 0;
		};
/* End PBXResourcesBuildPhase section */

/* Begin PBXSourcesBuildPhase section */
		FB937AA71B6B7D210085FD26 /* Sources */ = {
			isa = PBXSourcesBuildPhase;
			buildActionMask = 2147483647;
			files = (
				FB937ADB1B6B831F0085FD26 /* Level.swift in Sources */,
				FB937AB51B6B7D210085FD26 /* GameScene.swift in Sources */,
				FB937AD71B6B81DC0085FD26 /* Cookie.swift in Sources */,
				FB937AEA1B6B87D70085FD26 /* Extensions.swift in Sources */,
				FB937AE81B6B879E0085FD26 /* Tile.swift in Sources */,
				FB75B1541B6C91810033275B /* Chain.swift in Sources */,
				FB937AB71B6B7D210085FD26 /* GameViewController.swift in Sources */,
				FB937AB11B6B7D210085FD26 /* AppDelegate.swift in Sources */,
				FB937AD91B6B82F80085FD26 /* Array2D.swift in Sources */,
				FB937AEC1B6C4BB20085FD26 /* Swap.swift in Sources */,
			);
			runOnlyForDeploymentPostprocessing = 0;
		};
		FB937AC01B6B7D220085FD26 /* Sources */ = {
			isa = PBXSourcesBuildPhase;
			buildActionMask = 2147483647;
			files = (
				FB937ACB1B6B7D220085FD26 /* CookieCrunchTests.swift in Sources */,
			);
			runOnlyForDeploymentPostprocessing = 0;
		};
/* End PBXSourcesBuildPhase section */

/* Begin PBXTargetDependency section */
		FB937AC61B6B7D220085FD26 /* PBXTargetDependency */ = {
			isa = PBXTargetDependency;
			target = FB937AAA1B6B7D210085FD26 /* CookieCrunch */;
			targetProxy = FB937AC51B6B7D220085FD26 /* PBXContainerItemProxy */;
		};
/* End PBXTargetDependency section */

/* Begin PBXVariantGroup section */
		FB937AB81B6B7D210085FD26 /* Main.storyboard */ = {
			isa = PBXVariantGroup;
			children = (
				FB937AB91B6B7D210085FD26 /* Base */,
			);
			name = Main.storyboard;
			sourceTree = "<group>";
		};
		FB937ABD1B6B7D210085FD26 /* LaunchScreen.xib */ = {
			isa = PBXVariantGroup;
			children = (
				FB937ABE1B6B7D210085FD26 /* Base */,
			);
			name = LaunchScreen.xib;
			sourceTree = "<group>";
		};
/* End PBXVariantGroup section */

/* Begin XCBuildConfiguration section */
		FB937ACC1B6B7D220085FD26 /* Debug */ = {
			isa = XCBuildConfiguration;
			buildSettings = {
				ALWAYS_SEARCH_USER_PATHS = NO;
				CLANG_CXX_LANGUAGE_STANDARD = "gnu++0x";
				CLANG_CXX_LIBRARY = "libc++";
				CLANG_ENABLE_MODULES = YES;
				CLANG_ENABLE_OBJC_ARC = YES;
				CLANG_WARN_BOOL_CONVERSION = YES;
				CLANG_WARN_CONSTANT_CONVERSION = YES;
				CLANG_WARN_DIRECT_OBJC_ISA_USAGE = YES_ERROR;
				CLANG_WARN_EMPTY_BODY = YES;
				CLANG_WARN_ENUM_CONVERSION = YES;
				CLANG_WARN_INT_CONVERSION = YES;
				CLANG_WARN_OBJC_ROOT_CLASS = YES_ERROR;
				CLANG_WARN_UNREACHABLE_CODE = YES;
				CLANG_WARN__DUPLICATE_METHOD_MATCH = YES;
				"CODE_SIGN_IDENTITY[sdk=iphoneos*]" = "iPhone Developer";
				COPY_PHASE_STRIP = NO;
				DEBUG_INFORMATION_FORMAT = "dwarf-with-dsym";
				ENABLE_STRICT_OBJC_MSGSEND = YES;
				GCC_C_LANGUAGE_STANDARD = gnu99;
				GCC_DYNAMIC_NO_PIC = NO;
				GCC_NO_COMMON_BLOCKS = YES;
				GCC_OPTIMIZATION_LEVEL = 0;
				GCC_PREPROCESSOR_DEFINITIONS = (
					"DEBUG=1",
					"$(inherited)",
				);
				GCC_SYMBOLS_PRIVATE_EXTERN = NO;
				GCC_WARN_64_TO_32_BIT_CONVERSION = YES;
				GCC_WARN_ABOUT_RETURN_TYPE = YES_ERROR;
				GCC_WARN_UNDECLARED_SELECTOR = YES;
				GCC_WARN_UNINITIALIZED_AUTOS = YES_AGGRESSIVE;
				GCC_WARN_UNUSED_FUNCTION = YES;
				GCC_WARN_UNUSED_VARIABLE = YES;
				IPHONEOS_DEPLOYMENT_TARGET = 8.3;
				MTL_ENABLE_DEBUG_INFO = YES;
				ONLY_ACTIVE_ARCH = YES;
				SDKROOT = iphoneos;
				SWIFT_OPTIMIZATION_LEVEL = "-Onone";
			};
			name = Debug;
		};
		FB937ACD1B6B7D220085FD26 /* Release */ = {
			isa = XCBuildConfiguration;
			buildSettings = {
				ALWAYS_SEARCH_USER_PATHS = NO;
				CLANG_CXX_LANGUAGE_STANDARD = "gnu++0x";
				CLANG_CXX_LIBRARY = "libc++";
				CLANG_ENABLE_MODULES = YES;
				CLANG_ENABLE_OBJC_ARC = YES;
				CLANG_WARN_BOOL_CONVERSION = YES;
				CLANG_WARN_CONSTANT_CONVERSION = YES;
				CLANG_WARN_DIRECT_OBJC_ISA_USAGE = YES_ERROR;
				CLANG_WARN_EMPTY_BODY = YES;
				CLANG_WARN_ENUM_CONVERSION = YES;
				CLANG_WARN_INT_CONVERSION = YES;
				CLANG_WARN_OBJC_ROOT_CLASS = YES_ERROR;
				CLANG_WARN_UNREACHABLE_CODE = YES;
				CLANG_WARN__DUPLICATE_METHOD_MATCH = YES;
				"CODE_SIGN_IDENTITY[sdk=iphoneos*]" = "iPhone Developer";
				COPY_PHASE_STRIP = NO;
				DEBUG_INFORMATION_FORMAT = "dwarf-with-dsym";
				ENABLE_NS_ASSERTIONS = NO;
				ENABLE_STRICT_OBJC_MSGSEND = YES;
				GCC_C_LANGUAGE_STANDARD = gnu99;
				GCC_NO_COMMON_BLOCKS = YES;
				GCC_WARN_64_TO_32_BIT_CONVERSION = YES;
				GCC_WARN_ABOUT_RETURN_TYPE = YES_ERROR;
				GCC_WARN_UNDECLARED_SELECTOR = YES;
				GCC_WARN_UNINITIALIZED_AUTOS = YES_AGGRESSIVE;
				GCC_WARN_UNUSED_FUNCTION = YES;
				GCC_WARN_UNUSED_VARIABLE = YES;
				IPHONEOS_DEPLOYMENT_TARGET = 8.3;
				MTL_ENABLE_DEBUG_INFO = NO;
				SDKROOT = iphoneos;
				VALIDATE_PRODUCT = YES;
			};
			name = Release;
		};
		FB937ACF1B6B7D220085FD26 /* Debug */ = {
			isa = XCBuildConfiguration;
			buildSettings = {
				ASSETCATALOG_COMPILER_APPICON_NAME = AppIcon;
				INFOPLIST_FILE = CookieCrunch/Info.plist;
				LD_RUNPATH_SEARCH_PATHS = "$(inherited) @executable_path/Frameworks";
				PRODUCT_NAME = "$(TARGET_NAME)";
			};
			name = Debug;
		};
		FB937AD01B6B7D220085FD26 /* Release */ = {
			isa = XCBuildConfiguration;
			buildSettings = {
				ASSETCATALOG_COMPILER_APPICON_NAME = AppIcon;
				INFOPLIST_FILE = CookieCrunch/Info.plist;
				LD_RUNPATH_SEARCH_PATHS = "$(inherited) @executable_path/Frameworks";
				PRODUCT_NAME = "$(TARGET_NAME)";
			};
			name = Release;
		};
		FB937AD21B6B7D220085FD26 /* Debug */ = {
			isa = XCBuildConfiguration;
			buildSettings = {
				BUNDLE_LOADER = "$(TEST_HOST)";
				FRAMEWORK_SEARCH_PATHS = (
					"$(SDKROOT)/Developer/Library/Frameworks",
					"$(inherited)",
				);
				GCC_PREPROCESSOR_DEFINITIONS = (
					"DEBUG=1",
					"$(inherited)",
				);
				INFOPLIST_FILE = CookieCrunchTests/Info.plist;
				LD_RUNPATH_SEARCH_PATHS = "$(inherited) @executable_path/Frameworks @loader_path/Frameworks";
				PRODUCT_NAME = "$(TARGET_NAME)";
				TEST_HOST = "$(BUILT_PRODUCTS_DIR)/CookieCrunch.app/CookieCrunch";
			};
			name = Debug;
		};
		FB937AD31B6B7D220085FD26 /* Release */ = {
			isa = XCBuildConfiguration;
			buildSettings = {
				BUNDLE_LOADER = "$(TEST_HOST)";
				FRAMEWORK_SEARCH_PATHS = (
					"$(SDKROOT)/Developer/Library/Frameworks",
					"$(inherited)",
				);
				INFOPLIST_FILE = CookieCrunchTests/Info.plist;
				LD_RUNPATH_SEARCH_PATHS = "$(inherited) @executable_path/Frameworks @loader_path/Frameworks";
				PRODUCT_NAME = "$(TARGET_NAME)";
				TEST_HOST = "$(BUILT_PRODUCTS_DIR)/CookieCrunch.app/CookieCrunch";
			};
			name = Release;
		};
/* End XCBuildConfiguration section */

/* Begin XCConfigurationList section */
		FB937AA61B6B7D210085FD26 /* Build configuration list for PBXProject "CookieCrunch" */ = {
			isa = XCConfigurationList;
			buildConfigurations = (
				FB937ACC1B6B7D220085FD26 /* Debug */,
				FB937ACD1B6B7D220085FD26 /* Release */,
			);
			defaultConfigurationIsVisible = 0;
			defaultConfigurationName = Release;
		};
		FB937ACE1B6B7D220085FD26 /* Build configuration list for PBXNativeTarget "CookieCrunch" */ = {
			isa = XCConfigurationList;
			buildConfigurations = (
				FB937ACF1B6B7D220085FD26 /* Debug */,
				FB937AD01B6B7D220085FD26 /* Release */,
			);
			defaultConfigurationIsVisible = 0;
			defaultConfigurationName = Release;
		};
		FB937AD11B6B7D220085FD26 /* Build configuration list for PBXNativeTarget "CookieCrunchTests" */ = {
			isa = XCConfigurationList;
			buildConfigurations = (
				FB937AD21B6B7D220085FD26 /* Debug */,
				FB937AD31B6B7D220085FD26 /* Release */,
			);
			defaultConfigurationIsVisible = 0;
			defaultConfigurationName = Release;
		};
/* End XCConfigurationList section */
	};
	rootObject = FB937AA31B6B7D210085FD26 /* Project object */;
}
